PODS:
  - Erik (5.0.0):
    - Erik/Core (= 5.0.0)
    - Kanna
  - Erik/Core (5.0.0):
    - Kanna
  - FLAnimatedImage (1.0.17)
  - Kanna (5.2.7)

DEPENDENCIES:
  - Erik
  - FLAnimatedImage (~> 1.0)

SPEC REPOS:
  trunk:
    - Erik
    - FLAnimatedImage
    - Kanna

SPEC CHECKSUMS:
  Erik: 660e6bc7fe68a0c17e0f50142ae2d8168426c22e
  FLAnimatedImage: bbf914596368867157cc71b38a8ec834b3eeb32b
  Kanna: 01cfbddc127f5ff0963692f285fcbc8a9d62d234

PODFILE CHECKSUM: fe7408a76946fbea67b4379a4a6866e0fd211d3f

COCOAPODS: 1.12.1
