// !$*UTF8*$!
{
	archiveVersion = 1;
	classes = {
	};
	objectVersion = 56;
	objects = {

/* Begin PBXBuildFile section */
		AE89D4C42A2CCB3300889B3E /* openredApp.swift in Sources */ = {isa = PBXBuildFile; fileRef = AE89D4C32A2CCB3300889B3E /* openredApp.swift */; };
		AE89D4C62A2CCB3300889B3E /* ContentView.swift in Sources */ = {isa = PBXBuildFile; fileRef = AE89D4C52A2CCB3300889B3E /* ContentView.swift */; };
		AE89D4C82A2CCB3600889B3E /* Assets.xcassets in Resources */ = {isa = PBXBuildFile; fileRef = AE89D4C72A2CCB3600889B3E /* Assets.xcassets */; };
		AE89D4CB2A2CCB3600889B3E /* Preview Assets.xcassets in Resources */ = {isa = PBXBuildFile; fileRef = AE89D4CA2A2CCB3600889B3E /* Preview Assets.xcassets */; };
		AE89D4D52A2CCB3600889B3E /* openredTests.swift in Sources */ = {isa = PBXBuildFile; fileRef = AE89D4D42A2CCB3600889B3E /* openredTests.swift */; };
		AE89D4DF2A2CCB3600889B3E /* openredUITests.swift in Sources */ = {isa = PBXBuildFile; fileRef = AE89D4DE2A2CCB3600889B3E /* openredUITests.swift */; };
		AE89D4E12A2CCB3600889B3E /* openredUITestsLaunchTests.swift in Sources */ = {isa = PBXBuildFile; fileRef = AE89D4E02A2CCB3600889B3E /* openredUITestsLaunchTests.swift */; };
/* End PBXBuildFile section */

/* Begin PBXContainerItemProxy section */
		AE89D4D12A2CCB3600889B3E /* PBXContainerItemProxy */ = {
			isa = PBXContainerItemProxy;
			containerPortal = AE89D4B82A2CCB3300889B3E /* Project object */;
			proxyType = 1;
			remoteGlobalIDString = AE89D4BF2A2CCB3300889B3E;
			remoteInfo = openred;
		};
		AE89D4DB2A2CCB3600889B3E /* PBXContainerItemProxy */ = {
			isa = PBXContainerItemProxy;
			containerPortal = AE89D4B82A2CCB3300889B3E /* Project object */;
			proxyType = 1;
			remoteGlobalIDString = AE89D4BF2A2CCB3300889B3E;
			remoteInfo = openred;
		};
/* End PBXContainerItemProxy section */

/* Begin PBXFileReference section */
		AE89D4C02A2CCB3300889B3E /* openred.app */ = {isa = PBXFileReference; explicitFileType = wrapper.application; includeInIndex = 0; path = openred.app; sourceTree = BUILT_PRODUCTS_DIR; };
		AE89D4C32A2CCB3300889B3E /* openredApp.swift */ = {isa = PBXFileReference; lastKnownFileType = sourcecode.swift; path = openredApp.swift; sourceTree = "<group>"; };
		AE89D4C52A2CCB3300889B3E /* ContentView.swift */ = {isa = PBXFileReference; lastKnownFileType = sourcecode.swift; path = ContentView.swift; sourceTree = "<group>"; };
		AE89D4C72A2CCB3600889B3E /* Assets.xcassets */ = {isa = PBXFileReference; lastKnownFileType = folder.assetcatalog; path = Assets.xcassets; sourceTree = "<group>"; };
		AE89D4CA2A2CCB3600889B3E /* Preview Assets.xcassets */ = {isa = PBXFileReference; lastKnownFileType = folder.assetcatalog; path = "Preview Assets.xcassets"; sourceTree = "<group>"; };
		AE89D4D02A2CCB3600889B3E /* openredTests.xctest */ = {isa = PBXFileReference; explicitFileType = wrapper.cfbundle; includeInIndex = 0; path = openredTests.xctest; sourceTree = BUILT_PRODUCTS_DIR; };
		AE89D4D42A2CCB3600889B3E /* openredTests.swift */ = {isa = PBXFileReference; lastKnownFileType = sourcecode.swift; path = openredTests.swift; sourceTree = "<group>"; };
		AE89D4DA2A2CCB3600889B3E /* openredUITests.xctest */ = {isa = PBXFileReference; explicitFileType = wrapper.cfbundle; includeInIndex = 0; path = openredUITests.xctest; sourceTree = BUILT_PRODUCTS_DIR; };
		AE89D4DE2A2CCB3600889B3E /* openredUITests.swift */ = {isa = PBXFileReference; lastKnownFileType = sourcecode.swift; path = openredUITests.swift; sourceTree = "<group>"; };
		AE89D4E02A2CCB3600889B3E /* openredUITestsLaunchTests.swift */ = {isa = PBXFileReference; lastKnownFileType = sourcecode.swift; path = openredUITestsLaunchTests.swift; sourceTree = "<group>"; };
/* End PBXFileReference section */

/* Begin PBXFrameworksBuildPhase section */
		AE89D4BD2A2CCB3300889B3E /* Frameworks */ = {
			isa = PBXFrameworksBuildPhase;
			buildActionMask = 2147483647;
			files = (
			);
			runOnlyForDeploymentPostprocessing = 0;
		};
		AE89D4CD2A2CCB3600889B3E /* Frameworks */ = {
			isa = PBXFrameworksBuildPhase;
			buildActionMask = 2147483647;
			files = (
			);
			runOnlyForDeploymentPostprocessing = 0;
		};
		AE89D4D72A2CCB3600889B3E /* Frameworks */ = {
			isa = PBXFrameworksBuildPhase;
			buildActionMask = 2147483647;
			files = (
			);
			runOnlyForDeploymentPostprocessing = 0;
		};
/* End PBXFrameworksBuildPhase section */

/* Begin PBXGroup section */
		AE89D4B72A2CCB3300889B3E = {
			isa = PBXGroup;
			children = (
				AE89D4C22A2CCB3300889B3E /* openred */,
				AE89D4D32A2CCB3600889B3E /* openredTests */,
				AE89D4DD2A2CCB3600889B3E /* openredUITests */,
				AE89D4C12A2CCB3300889B3E /* Products */,
			);
			sourceTree = "<group>";
		};
		AE89D4C12A2CCB3300889B3E /* Products */ = {
			isa = PBXGroup;
			children = (
				AE89D4C02A2CCB3300889B3E /* openred.app */,
				AE89D4D02A2CCB3600889B3E /* openredTests.xctest */,
				AE89D4DA2A2CCB3600889B3E /* openredUITests.xctest */,
			);
			name = Products;
			sourceTree = "<group>";
		};
		AE89D4C22A2CCB3300889B3E /* openred */ = {
			isa = PBXGroup;
			children = (
				AE89D4C32A2CCB3300889B3E /* openredApp.swift */,
				AE89D4C52A2CCB3300889B3E /* ContentView.swift */,
				AE89D4C72A2CCB3600889B3E /* Assets.xcassets */,
				AE89D4C92A2CCB3600889B3E /* Preview Content */,
			);
			path = openred;
			sourceTree = "<group>";
		};
		AE89D4C92A2CCB3600889B3E /* Preview Content */ = {
			isa = PBXGroup;
			children = (
				AE89D4CA2A2CCB3600889B3E /* Preview Assets.xcassets */,
			);
			path = "Preview Content";
			sourceTree = "<group>";
		};
		AE89D4D32A2CCB3600889B3E /* openredTests */ = {
			isa = PBXGroup;
			children = (
				AE89D4D42A2CCB3600889B3E /* openredTests.swift */,
			);
			path = openredTests;
			sourceTree = "<group>";
		};
		AE89D4DD2A2CCB3600889B3E /* openredUITests */ = {
			isa = PBXGroup;
			children = (
				AE89D4DE2A2CCB3600889B3E /* openredUITests.swift */,
				AE89D4E02A2CCB3600889B3E /* openredUITestsLaunchTests.swift */,
			);
			path = openredUITests;
			sourceTree = "<group>";
		};
/* End PBXGroup section */

/* Begin PBXNativeTarget section */
		AE89D4BF2A2CCB3300889B3E /* openred */ = {
			isa = PBXNativeTarget;
			buildConfigurationList = AE89D4E42A2CCB3600889B3E /* Build configuration list for PBXNativeTarget "openred" */;
			buildPhases = (
				AE89D4BC2A2CCB3300889B3E /* Sources */,
				AE89D4BD2A2CCB3300889B3E /* Frameworks */,
				AE89D4BE2A2CCB3300889B3E /* Resources */,
			);
			buildRules = (
			);
			dependencies = (
			);
			name = openred;
			productName = openred;
			productReference = AE89D4C02A2CCB3300889B3E /* openred.app */;
			productType = "com.apple.product-type.application";
		};
		AE89D4CF2A2CCB3600889B3E /* openredTests */ = {
			isa = PBXNativeTarget;
			buildConfigurationList = AE89D4E72A2CCB3600889B3E /* Build configuration list for PBXNativeTarget "openredTests" */;
			buildPhases = (
				AE89D4CC2A2CCB3600889B3E /* Sources */,
				AE89D4CD2A2CCB3600889B3E /* Frameworks */,
				AE89D4CE2A2CCB3600889B3E /* Resources */,
			);
			buildRules = (
			);
			dependencies = (
				AE89D4D22A2CCB3600889B3E /* PBXTargetDependency */,
			);
			name = openredTests;
			productName = openredTests;
			productReference = AE89D4D02A2CCB3600889B3E /* openredTests.xctest */;
			productType = "com.apple.product-type.bundle.unit-test";
		};
		AE89D4D92A2CCB3600889B3E /* openredUITests */ = {
			isa = PBXNativeTarget;
			buildConfigurationList = AE89D4EA2A2CCB3600889B3E /* Build configuration list for PBXNativeTarget "openredUITests" */;
			buildPhases = (
				AE89D4D62A2CCB3600889B3E /* Sources */,
				AE89D4D72A2CCB3600889B3E /* Frameworks */,
				AE89D4D82A2CCB3600889B3E /* Resources */,
			);
			buildRules = (
			);
			dependencies = (
				AE89D4DC2A2CCB3600889B3E /* PBXTargetDependency */,
			);
			name = openredUITests;
			productName = openredUITests;
			productReference = AE89D4DA2A2CCB3600889B3E /* openredUITests.xctest */;
			productType = "com.apple.product-type.bundle.ui-testing";
		};
/* End PBXNativeTarget section */

/* Begin PBXProject section */
		AE89D4B82A2CCB3300889B3E /* Project object */ = {
			isa = PBXProject;
			attributes = {
				BuildIndependentTargetsInParallel = 1;
				LastSwiftUpdateCheck = 1430;
				LastUpgradeCheck = 1430;
				TargetAttributes = {
					AE89D4BF2A2CCB3300889B3E = {
						CreatedOnToolsVersion = 14.3.1;
					};
					AE89D4CF2A2CCB3600889B3E = {
						CreatedOnToolsVersion = 14.3.1;
						TestTargetID = AE89D4BF2A2CCB3300889B3E;
					};
					AE89D4D92A2CCB3600889B3E = {
						CreatedOnToolsVersion = 14.3.1;
						TestTargetID = AE89D4BF2A2CCB3300889B3E;
					};
				};
			};
			buildConfigurationList = AE89D4BB2A2CCB3300889B3E /* Build configuration list for PBXProject "openred" */;
			compatibilityVersion = "Xcode 14.0";
			developmentRegion = en;
			hasScannedForEncodings = 0;
			knownRegions = (
				en,
				Base,
			);
			mainGroup = AE89D4B72A2CCB3300889B3E;
			productRefGroup = AE89D4C12A2CCB3300889B3E /* Products */;
			projectDirPath = "";
			projectRoot = "";
			targets = (
				AE89D4BF2A2CCB3300889B3E /* openred */,
				AE89D4CF2A2CCB3600889B3E /* openredTests */,
				AE89D4D92A2CCB3600889B3E /* openredUITests */,
			);
		};
/* End PBXProject section */

/* Begin PBXResourcesBuildPhase section */
		AE89D4BE2A2CCB3300889B3E /* Resources */ = {
			isa = PBXResourcesBuildPhase;
			buildActionMask = 2147483647;
			files = (
				AE89D4CB2A2CCB3600889B3E /* Preview Assets.xcassets in Resources */,
				AE89D4C82A2CCB3600889B3E /* Assets.xcassets in Resources */,
			);
			runOnlyForDeploymentPostprocessing = 0;
		};
		AE89D4CE2A2CCB3600889B3E /* Resources */ = {
			isa = PBXResourcesBuildPhase;
			buildActionMask = 2147483647;
			files = (
			);
			runOnlyForDeploymentPostprocessing = 0;
		};
		AE89D4D82A2CCB3600889B3E /* Resources */ = {
			isa = PBXResourcesBuildPhase;
			buildActionMask = 2147483647;
			files = (
			);
			runOnlyForDeploymentPostprocessing = 0;
		};
/* End PBXResourcesBuildPhase section */

/* Begin PBXSourcesBuildPhase section */
		AE89D4BC2A2CCB3300889B3E /* Sources */ = {
			isa = PBXSourcesBuildPhase;
			buildActionMask = 2147483647;
			files = (
				AE89D4C62A2CCB3300889B3E /* ContentView.swift in Sources */,
				AE89D4C42A2CCB3300889B3E /* openredApp.swift in Sources */,
			);
			runOnlyForDeploymentPostprocessing = 0;
		};
		AE89D4CC2A2CCB3600889B3E /* Sources */ = {
			isa = PBXSourcesBuildPhase;
			buildActionMask = 2147483647;
			files = (
				AE89D4D52A2CCB3600889B3E /* openredTests.swift in Sources */,
			);
			runOnlyForDeploymentPostprocessing = 0;
		};
		AE89D4D62A2CCB3600889B3E /* Sources */ = {
			isa = PBXSourcesBuildPhase;
			buildActionMask = 2147483647;
			files = (
				AE89D4E12A2CCB3600889B3E /* openredUITestsLaunchTests.swift in Sources */,
				AE89D4DF2A2CCB3600889B3E /* openredUITests.swift in Sources */,
			);
			runOnlyForDeploymentPostprocessing = 0;
		};
/* End PBXSourcesBuildPhase section */

/* Begin PBXTargetDependency section */
		AE89D4D22A2CCB3600889B3E /* PBXTargetDependency */ = {
			isa = PBXTargetDependency;
			target = AE89D4BF2A2CCB3300889B3E /* openred */;
			targetProxy = AE89D4D12A2CCB3600889B3E /* PBXContainerItemProxy */;
		};
		AE89D4DC2A2CCB3600889B3E /* PBXTargetDependency */ = {
			isa = PBXTargetDependency;
			target = AE89D4BF2A2CCB3300889B3E /* openred */;
			targetProxy = AE89D4DB2A2CCB3600889B3E /* PBXContainerItemProxy */;
		};
/* End PBXTargetDependency section */

/* Begin XCBuildConfiguration section */
		AE89D4E22A2CCB3600889B3E /* Debug */ = {
			isa = XCBuildConfiguration;
			buildSettings = {
				ALWAYS_SEARCH_USER_PATHS = NO;
				CLANG_ANALYZER_NONNULL = YES;
				CLANG_ANALYZER_NUMBER_OBJECT_CONVERSION = YES_AGGRESSIVE;
				CLANG_CXX_LANGUAGE_STANDARD = "gnu++20";
				CLANG_ENABLE_MODULES = YES;
				CLANG_ENABLE_OBJC_ARC = YES;
				CLANG_ENABLE_OBJC_WEAK = YES;
				CLANG_WARN_BLOCK_CAPTURE_AUTORELEASING = YES;
				CLANG_WARN_BOOL_CONVERSION = YES;
				CLANG_WARN_COMMA = YES;
				CLANG_WARN_CONSTANT_CONVERSION = YES;
				CLANG_WARN_DEPRECATED_OBJC_IMPLEMENTATIONS = YES;
				CLANG_WARN_DIRECT_OBJC_ISA_USAGE = YES_ERROR;
				CLANG_WARN_DOCUMENTATION_COMMENTS = YES;
				CLANG_WARN_EMPTY_BODY = YES;
				CLANG_WARN_ENUM_CONVERSION = YES;
				CLANG_WARN_INFINITE_RECURSION = YES;
				CLANG_WARN_INT_CONVERSION = YES;
				CLANG_WARN_NON_LITERAL_NULL_CONVERSION = YES;
				CLANG_WARN_OBJC_IMPLICIT_RETAIN_SELF = YES;
				CLANG_WARN_OBJC_LITERAL_CONVERSION = YES;
				CLANG_WARN_OBJC_ROOT_CLASS = YES_ERROR;
				CLANG_WARN_QUOTED_INCLUDE_IN_FRAMEWORK_HEADER = YES;
				CLANG_WARN_RANGE_LOOP_ANALYSIS = YES;
				CLANG_WARN_STRICT_PROTOTYPES = YES;
				CLANG_WARN_SUSPICIOUS_MOVE = YES;
				CLANG_WARN_UNGUARDED_AVAILABILITY = YES_AGGRESSIVE;
				CLANG_WARN_UNREACHABLE_CODE = YES;
				CLANG_WARN__DUPLICATE_METHOD_MATCH = YES;
				COPY_PHASE_STRIP = NO;
				DEBUG_INFORMATION_FORMAT = dwarf;
				ENABLE_STRICT_OBJC_MSGSEND = YES;
				ENABLE_TESTABILITY = YES;
				GCC_C_LANGUAGE_STANDARD = gnu11;
				GCC_DYNAMIC_NO_PIC = NO;
				GCC_NO_COMMON_BLOCKS = YES;
				GCC_OPTIMIZATION_LEVEL = 0;
				GCC_PREPROCESSOR_DEFINITIONS = (
					"DEBUG=1",
					"$(inherited)",
				);
				GCC_WARN_64_TO_32_BIT_CONVERSION = YES;
				GCC_WARN_ABOUT_RETURN_TYPE = YES_ERROR;
				GCC_WARN_UNDECLARED_SELECTOR = YES;
				GCC_WARN_UNINITIALIZED_AUTOS = YES_AGGRESSIVE;
				GCC_WARN_UNUSED_FUNCTION = YES;
				GCC_WARN_UNUSED_VARIABLE = YES;
				IPHONEOS_DEPLOYMENT_TARGET = 16.4;
				MTL_ENABLE_DEBUG_INFO = INCLUDE_SOURCE;
				MTL_FAST_MATH = YES;
				ONLY_ACTIVE_ARCH = YES;
				SDKROOT = iphoneos;
				SWIFT_ACTIVE_COMPILATION_CONDITIONS = DEBUG;
				SWIFT_OPTIMIZATION_LEVEL = "-Onone";
			};
			name = Debug;
		};
		AE89D4E32A2CCB3600889B3E /* Release */ = {
			isa = XCBuildConfiguration;
			buildSettings = {
				ALWAYS_SEARCH_USER_PATHS = NO;
				CLANG_ANALYZER_NONNULL = YES;
				CLANG_ANALYZER_NUMBER_OBJECT_CONVERSION = YES_AGGRESSIVE;
				CLANG_CXX_LANGUAGE_STANDARD = "gnu++20";
				CLANG_ENABLE_MODULES = YES;
				CLANG_ENABLE_OBJC_ARC = YES;
				CLANG_ENABLE_OBJC_WEAK = YES;
				CLANG_WARN_BLOCK_CAPTURE_AUTORELEASING = YES;
				CLANG_WARN_BOOL_CONVERSION = YES;
				CLANG_WARN_COMMA = YES;
				CLANG_WARN_CONSTANT_CONVERSION = YES;
				CLANG_WARN_DEPRECATED_OBJC_IMPLEMENTATIONS = YES;
				CLANG_WARN_DIRECT_OBJC_ISA_USAGE = YES_ERROR;
				CLANG_WARN_DOCUMENTATION_COMMENTS = YES;
				CLANG_WARN_EMPTY_BODY = YES;
				CLANG_WARN_ENUM_CONVERSION = YES;
				CLANG_WARN_INFINITE_RECURSION = YES;
				CLANG_WARN_INT_CONVERSION = YES;
				CLANG_WARN_NON_LITERAL_NULL_CONVERSION = YES;
				CLANG_WARN_OBJC_IMPLICIT_RETAIN_SELF = YES;
				CLANG_WARN_OBJC_LITERAL_CONVERSION = YES;
				CLANG_WARN_OBJC_ROOT_CLASS = YES_ERROR;
				CLANG_WARN_QUOTED_INCLUDE_IN_FRAMEWORK_HEADER = YES;
				CLANG_WARN_RANGE_LOOP_ANALYSIS = YES;
				CLANG_WARN_STRICT_PROTOTYPES = YES;
				CLANG_WARN_SUSPICIOUS_MOVE = YES;
				CLANG_WARN_UNGUARDED_AVAILABILITY = YES_AGGRESSIVE;
				CLANG_WARN_UNREACHABLE_CODE = YES;
				CLANG_WARN__DUPLICATE_METHOD_MATCH = YES;
				COPY_PHASE_STRIP = NO;
				DEBUG_INFORMATION_FORMAT = "dwarf-with-dsym";
				ENABLE_NS_ASSERTIONS = NO;
				ENABLE_STRICT_OBJC_MSGSEND = YES;
				GCC_C_LANGUAGE_STANDARD = gnu11;
				GCC_NO_COMMON_BLOCKS = YES;
				GCC_WARN_64_TO_32_BIT_CONVERSION = YES;
				GCC_WARN_ABOUT_RETURN_TYPE = YES_ERROR;
				GCC_WARN_UNDECLARED_SELECTOR = YES;
				GCC_WARN_UNINITIALIZED_AUTOS = YES_AGGRESSIVE;
				GCC_WARN_UNUSED_FUNCTION = YES;
				GCC_WARN_UNUSED_VARIABLE = YES;
				IPHONEOS_DEPLOYMENT_TARGET = 16.4;
				MTL_ENABLE_DEBUG_INFO = NO;
				MTL_FAST_MATH = YES;
				SDKROOT = iphoneos;
				SWIFT_COMPILATION_MODE = wholemodule;
				SWIFT_OPTIMIZATION_LEVEL = "-O";
				VALIDATE_PRODUCT = YES;
			};
			name = Release;
		};
		AE89D4E52A2CCB3600889B3E /* Debug */ = {
			isa = XCBuildConfiguration;
			buildSettings = {
				ASSETCATALOG_COMPILER_APPICON_NAME = AppIcon;
				ASSETCATALOG_COMPILER_GLOBAL_ACCENT_COLOR_NAME = AccentColor;
				CODE_SIGN_STYLE = Automatic;
				CURRENT_PROJECT_VERSION = 1;
				DEVELOPMENT_ASSET_PATHS = "\"openred/Preview Content\"";
				ENABLE_PREVIEWS = YES;
				GENERATE_INFOPLIST_FILE = YES;
				INFOPLIST_KEY_UIApplicationSceneManifest_Generation = YES;
				INFOPLIST_KEY_UIApplicationSupportsIndirectInputEvents = YES;
				INFOPLIST_KEY_UILaunchScreen_Generation = YES;
				INFOPLIST_KEY_UISupportedInterfaceOrientations_iPad = "UIInterfaceOrientationPortrait UIInterfaceOrientationPortraitUpsideDown UIInterfaceOrientationLandscapeLeft UIInterfaceOrientationLandscapeRight";
				INFOPLIST_KEY_UISupportedInterfaceOrientations_iPhone = "UIInterfaceOrientationPortrait UIInterfaceOrientationLandscapeLeft UIInterfaceOrientationLandscapeRight";
				LD_RUNPATH_SEARCH_PATHS = (
					"$(inherited)",
					"@executable_path/Frameworks",
				);
				MARKETING_VERSION = 1.0;
				PRODUCT_BUNDLE_IDENTIFIER = com.openredinc.openred;
				PRODUCT_NAME = "$(TARGET_NAME)";
				SWIFT_EMIT_LOC_STRINGS = YES;
				SWIFT_VERSION = 5.0;
				TARGETED_DEVICE_FAMILY = "1,2";
			};
			name = Debug;
		};
		AE89D4E62A2CCB3600889B3E /* Release */ = {
			isa = XCBuildConfiguration;
			buildSettings = {
				ASSETCATALOG_COMPILER_APPICON_NAME = AppIcon;
				ASSETCATALOG_COMPILER_GLOBAL_ACCENT_COLOR_NAME = AccentColor;
				CODE_SIGN_STYLE = Automatic;
				CURRENT_PROJECT_VERSION = 1;
				DEVELOPMENT_ASSET_PATHS = "\"openred/Preview Content\"";
				ENABLE_PREVIEWS = YES;
				GENERATE_INFOPLIST_FILE = YES;
				INFOPLIST_KEY_UIApplicationSceneManifest_Generation = YES;
				INFOPLIST_KEY_UIApplicationSupportsIndirectInputEvents = YES;
				INFOPLIST_KEY_UILaunchScreen_Generation = YES;
				INFOPLIST_KEY_UISupportedInterfaceOrientations_iPad = "UIInterfaceOrientationPortrait UIInterfaceOrientationPortraitUpsideDown UIInterfaceOrientationLandscapeLeft UIInterfaceOrientationLandscapeRight";
				INFOPLIST_KEY_UISupportedInterfaceOrientations_iPhone = "UIInterfaceOrientationPortrait UIInterfaceOrientationLandscapeLeft UIInterfaceOrientationLandscapeRight";
				LD_RUNPATH_SEARCH_PATHS = (
					"$(inherited)",
					"@executable_path/Frameworks",
				);
				MARKETING_VERSION = 1.0;
				PRODUCT_BUNDLE_IDENTIFIER = com.openredinc.openred;
				PRODUCT_NAME = "$(TARGET_NAME)";
				SWIFT_EMIT_LOC_STRINGS = YES;
				SWIFT_VERSION = 5.0;
				TARGETED_DEVICE_FAMILY = "1,2";
			};
			name = Release;
		};
		AE89D4E82A2CCB3600889B3E /* Debug */ = {
			isa = XCBuildConfiguration;
			buildSettings = {
				ALWAYS_EMBED_SWIFT_STANDARD_LIBRARIES = YES;
				BUNDLE_LOADER = "$(TEST_HOST)";
				CODE_SIGN_STYLE = Automatic;
				CURRENT_PROJECT_VERSION = 1;
				GENERATE_INFOPLIST_FILE = YES;
				IPHONEOS_DEPLOYMENT_TARGET = 16.4;
				MARKETING_VERSION = 1.0;
				PRODUCT_BUNDLE_IDENTIFIER = com.openredinc.openredTests;
				PRODUCT_NAME = "$(TARGET_NAME)";
				SWIFT_EMIT_LOC_STRINGS = NO;
				SWIFT_VERSION = 5.0;
				TARGETED_DEVICE_FAMILY = "1,2";
				TEST_HOST = "$(BUILT_PRODUCTS_DIR)/openred.app/$(BUNDLE_EXECUTABLE_FOLDER_PATH)/openred";
			};
			name = Debug;
		};
		AE89D4E92A2CCB3600889B3E /* Release */ = {
			isa = XCBuildConfiguration;
			buildSettings = {
				ALWAYS_EMBED_SWIFT_STANDARD_LIBRARIES = YES;
				BUNDLE_LOADER = "$(TEST_HOST)";
				CODE_SIGN_STYLE = Automatic;
				CURRENT_PROJECT_VERSION = 1;
				GENERATE_INFOPLIST_FILE = YES;
				IPHONEOS_DEPLOYMENT_TARGET = 16.4;
				MARKETING_VERSION = 1.0;
				PRODUCT_BUNDLE_IDENTIFIER = com.openredinc.openredTests;
				PRODUCT_NAME = "$(TARGET_NAME)";
				SWIFT_EMIT_LOC_STRINGS = NO;
				SWIFT_VERSION = 5.0;
				TARGETED_DEVICE_FAMILY = "1,2";
				TEST_HOST = "$(BUILT_PRODUCTS_DIR)/openred.app/$(BUNDLE_EXECUTABLE_FOLDER_PATH)/openred";
			};
			name = Release;
		};
		AE89D4EB2A2CCB3600889B3E /* Debug */ = {
			isa = XCBuildConfiguration;
			buildSettings = {
				ALWAYS_EMBED_SWIFT_STANDARD_LIBRARIES = YES;
				CODE_SIGN_STYLE = Automatic;
				CURRENT_PROJECT_VERSION = 1;
				GENERATE_INFOPLIST_FILE = YES;
				MARKETING_VERSION = 1.0;
				PRODUCT_BUNDLE_IDENTIFIER = com.openredinc.openredUITests;
				PRODUCT_NAME = "$(TARGET_NAME)";
				SWIFT_EMIT_LOC_STRINGS = NO;
				SWIFT_VERSION = 5.0;
				TARGETED_DEVICE_FAMILY = "1,2";
				TEST_TARGET_NAME = openred;
			};
			name = Debug;
		};
		AE89D4EC2A2CCB3600889B3E /* Release */ = {
			isa = XCBuildConfiguration;
			buildSettings = {
				ALWAYS_EMBED_SWIFT_STANDARD_LIBRARIES = YES;
				CODE_SIGN_STYLE = Automatic;
				CURRENT_PROJECT_VERSION = 1;
				GENERATE_INFOPLIST_FILE = YES;
				MARKETING_VERSION = 1.0;
				PRODUCT_BUNDLE_IDENTIFIER = com.openredinc.openredUITests;
				PRODUCT_NAME = "$(TARGET_NAME)";
				SWIFT_EMIT_LOC_STRINGS = NO;
				SWIFT_VERSION = 5.0;
				TARGETED_DEVICE_FAMILY = "1,2";
				TEST_TARGET_NAME = openred;
			};
			name = Release;
		};
/* End XCBuildConfiguration section */

/* Begin XCConfigurationList section */
		AE89D4BB2A2CCB3300889B3E /* Build configuration list for PBXProject "openred" */ = {
			isa = XCConfigurationList;
			buildConfigurations = (
				AE89D4E22A2CCB3600889B3E /* Debug */,
				AE89D4E32A2CCB3600889B3E /* Release */,
			);
			defaultConfigurationIsVisible = 0;
			defaultConfigurationName = Release;
		};
		AE89D4E42A2CCB3600889B3E /* Build configuration list for PBXNativeTarget "openred" */ = {
			isa = XCConfigurationList;
			buildConfigurations = (
				AE89D4E52A2CCB3600889B3E /* Debug */,
				AE89D4E62A2CCB3600889B3E /* Release */,
			);
			defaultConfigurationIsVisible = 0;
			defaultConfigurationName = Release;
		};
		AE89D4E72A2CCB3600889B3E /* Build configuration list for PBXNativeTarget "openredTests" */ = {
			isa = XCConfigurationList;
			buildConfigurations = (
				AE89D4E82A2CCB3600889B3E /* Debug */,
				AE89D4E92A2CCB3600889B3E /* Release */,
			);
			defaultConfigurationIsVisible = 0;
			defaultConfigurationName = Release;
		};
		AE89D4EA2A2CCB3600889B3E /* Build configuration list for PBXNativeTarget "openredUITests" */ = {
			isa = XCConfigurationList;
			buildConfigurations = (
				AE89D4EB2A2CCB3600889B3E /* Debug */,
				AE89D4EC2A2CCB3600889B3E /* Release */,
			);
			defaultConfigurationIsVisible = 0;
			defaultConfigurationName = Release;
		};
/* End XCConfigurationList section */
	};
	rootObject = AE89D4B82A2CCB3300889B3E /* Project object */;
}
