// !$*UTF8*$!
{
	archiveVersion = 1;
	classes = {
	};
	objectVersion = 56;
	objects = {

/* Begin PBXBuildFile section */
		5D287CB7879D0BE7B9C2EAC0 /* Pods_openred.framework in Frameworks */ = {isa = PBXBuildFile; fileRef = 7D1A39B277A0211F201F088F /* Pods_openred.framework */; };
		AE3FF7172A9B56250079A877 /* MessageCreateModel.swift in Sources */ = {isa = PBXBuildFile; fileRef = AE3FF7162A9B56250079A877 /* MessageCreateModel.swift */; };
		AE4A962F2A2F96E400BA96CF /* PostsView.swift in Sources */ = {isa = PBXBuildFile; fileRef = AE4A962E2A2F96E400BA96CF /* PostsView.swift */; };
		AE4A96312A2F974C00BA96CF /* Post.swift in Sources */ = {isa = PBXBuildFile; fileRef = AE4A96302A2F974C00BA96CF /* Post.swift */; };
		AE4A96342A2FBBE300BA96CF /* Model.swift in Sources */ = {isa = PBXBuildFile; fileRef = AE4A96332A2FBBE300BA96CF /* Model.swift */; };
		AE4A96562A337B4000BA96CF /* CommunitiesSidebar.swift in Sources */ = {isa = PBXBuildFile; fileRef = AE4A96552A337B4000BA96CF /* CommunitiesSidebar.swift */; };
		AE4A96592A33A27100BA96CF /* Community.swift in Sources */ = {isa = PBXBuildFile; fileRef = AE4A96582A33A27100BA96CF /* Community.swift */; };
		AE4A965F2A37829700BA96CF /* MediaPopup.swift in Sources */ = {isa = PBXBuildFile; fileRef = AE4A965E2A37829700BA96CF /* MediaPopup.swift */; };
		AE4A96612A37832800BA96CF /* PostRow.swift in Sources */ = {isa = PBXBuildFile; fileRef = AE4A96602A37832800BA96CF /* PostRow.swift */; };
		AE4A96662A37BDE100BA96CF /* VideoPlayer in Frameworks */ = {isa = PBXBuildFile; productRef = AE4A96652A37BDE100BA96CF /* VideoPlayer */; };
		AE4A966A2A387ECB00BA96CF /* LoginPopup.swift in Sources */ = {isa = PBXBuildFile; fileRef = AE4A96692A387ECB00BA96CF /* LoginPopup.swift */; };
		AE4A966C2A38F1B400BA96CF /* InboxView.swift in Sources */ = {isa = PBXBuildFile; fileRef = AE4A966B2A38F1B400BA96CF /* InboxView.swift */; };
		AE4A966F2A39DEF400BA96CF /* SwiftUIGIF in Frameworks */ = {isa = PBXBuildFile; productRef = AE4A966E2A39DEF400BA96CF /* SwiftUIGIF */; };
		AE4A96712A39ED3200BA96CF /* GifView.swift in Sources */ = {isa = PBXBuildFile; fileRef = AE4A96702A39ED3200BA96CF /* GifView.swift */; };
		AE4A96732A3B4B8200BA96CF /* GalleryItem.swift in Sources */ = {isa = PBXBuildFile; fileRef = AE4A96722A3B4B8200BA96CF /* GalleryItem.swift */; };
		AE4A96752A3B5DA500BA96CF /* PopupViewModel.swift in Sources */ = {isa = PBXBuildFile; fileRef = AE4A96742A3B5DA500BA96CF /* PopupViewModel.swift */; };
		AE4A96772A3D112700BA96CF /* RedditParser.swift in Sources */ = {isa = PBXBuildFile; fileRef = AE4A96762A3D112700BA96CF /* RedditParser.swift */; };
		AE4A967A2A3F4AC900BA96CF /* CommentsView.swift in Sources */ = {isa = PBXBuildFile; fileRef = AE4A96792A3F4AC900BA96CF /* CommentsView.swift */; };
		AE4A967C2A3F5F7100BA96CF /* Comments.swift in Sources */ = {isa = PBXBuildFile; fileRef = AE4A967B2A3F5F7100BA96CF /* Comments.swift */; };
		AE4A967F2A405D1600BA96CF /* RichText in Frameworks */ = {isa = PBXBuildFile; productRef = AE4A967E2A405D1600BA96CF /* RichText */; };
		AE4A96812A418B3900BA96CF /* UserSession.swift in Sources */ = {isa = PBXBuildFile; fileRef = AE4A96802A418B3900BA96CF /* UserSession.swift */; };
		AE4A96832A422BBE00BA96CF /* JSONDataLoader.swift in Sources */ = {isa = PBXBuildFile; fileRef = AE4A96822A422BBE00BA96CF /* JSONDataLoader.swift */; };
		AE4A96852A43424D00BA96CF /* PostContent.swift in Sources */ = {isa = PBXBuildFile; fileRef = AE4A96842A43424D00BA96CF /* PostContent.swift */; };
		AE4A96872A4450A200BA96CF /* JSONPostParser.swift in Sources */ = {isa = PBXBuildFile; fileRef = AE4A96862A4450A200BA96CF /* JSONPostParser.swift */; };
		AE4A96892A48DEBD00BA96CF /* Search.swift in Sources */ = {isa = PBXBuildFile; fileRef = AE4A96882A48DEBD00BA96CF /* Search.swift */; };
		AE4A968B2A49A02600BA96CF /* JSONDataCommentParser.swift in Sources */ = {isa = PBXBuildFile; fileRef = AE4A968A2A49A02600BA96CF /* JSONDataCommentParser.swift */; };
		AE4A968D2A5DF5CE00BA96CF /* PostCreateModel.swift in Sources */ = {isa = PBXBuildFile; fileRef = AE4A968C2A5DF5CD00BA96CF /* PostCreateModel.swift */; };
		AE4A96932A604D2000BA96CF /* JSONMessageParser.swift in Sources */ = {isa = PBXBuildFile; fileRef = AE4A96922A604D2000BA96CF /* JSONMessageParser.swift */; };
		AE4A96952A60620300BA96CF /* MessageModel.swift in Sources */ = {isa = PBXBuildFile; fileRef = AE4A96942A60620300BA96CF /* MessageModel.swift */; };
		AE89D4C42A2CCB3300889B3E /* openredApp.swift in Sources */ = {isa = PBXBuildFile; fileRef = AE89D4C32A2CCB3300889B3E /* openredApp.swift */; };
		AE89D4C62A2CCB3300889B3E /* ContentView.swift in Sources */ = {isa = PBXBuildFile; fileRef = AE89D4C52A2CCB3300889B3E /* ContentView.swift */; };
		AE89D4C82A2CCB3600889B3E /* Assets.xcassets in Resources */ = {isa = PBXBuildFile; fileRef = AE89D4C72A2CCB3600889B3E /* Assets.xcassets */; };
		AE89D4CB2A2CCB3600889B3E /* Preview Assets.xcassets in Resources */ = {isa = PBXBuildFile; fileRef = AE89D4CA2A2CCB3600889B3E /* Preview Assets.xcassets */; };
		AE89D4D52A2CCB3600889B3E /* openredTests.swift in Sources */ = {isa = PBXBuildFile; fileRef = AE89D4D42A2CCB3600889B3E /* openredTests.swift */; };
		AE89D4DF2A2CCB3600889B3E /* openredUITests.swift in Sources */ = {isa = PBXBuildFile; fileRef = AE89D4DE2A2CCB3600889B3E /* openredUITests.swift */; };
		AE89D4E12A2CCB3600889B3E /* openredUITestsLaunchTests.swift in Sources */ = {isa = PBXBuildFile; fileRef = AE89D4E02A2CCB3600889B3E /* openredUITestsLaunchTests.swift */; };
		AEB87A5B2A990D1700BB9051 /* LaunchScreen.storyboard in Resources */ = {isa = PBXBuildFile; fileRef = AEB87A5A2A990D1700BB9051 /* LaunchScreen.storyboard */; };
		AEBA65B02A791BE900431529 /* JSONAboutParser.swift in Sources */ = {isa = PBXBuildFile; fileRef = AEBA65AF2A791BE900431529 /* JSONAboutParser.swift */; };
		AEBA65B22A881F8B00431529 /* SearchModel.swift in Sources */ = {isa = PBXBuildFile; fileRef = AEBA65B12A881F8B00431529 /* SearchModel.swift */; };
		AEBA65B42A8A1AD000431529 /* SettingsView.swift in Sources */ = {isa = PBXBuildFile; fileRef = AEBA65B32A8A1AD000431529 /* SettingsView.swift */; };
		AEBA65B62A8A236B00431529 /* SettingsModel.swift in Sources */ = {isa = PBXBuildFile; fileRef = AEBA65B52A8A236B00431529 /* SettingsModel.swift */; };
		AEC4BB6C2A8CD382005149B3 /* StoreKit.framework in Frameworks */ = {isa = PBXBuildFile; fileRef = AEC4BB6B2A8CD382005149B3 /* StoreKit.framework */; };
		AEC4BB712A8E8031005149B3 /* Ads.swift in Sources */ = {isa = PBXBuildFile; fileRef = AEC4BB702A8E8031005149B3 /* Ads.swift */; };
		AED069DC2AA22A9400B5D9A8 /* subscription.storekit in Resources */ = {isa = PBXBuildFile; fileRef = AEB87A582A90B45C00BB9051 /* subscription.storekit */; };
		AED069E42AABD61B00B5D9A8 /* NativeAdView.xib in Resources */ = {isa = PBXBuildFile; fileRef = AED069E32AABD61B00B5D9A8 /* NativeAdView.xib */; };
/* End PBXBuildFile section */

/* Begin PBXContainerItemProxy section */
		AE89D4D12A2CCB3600889B3E /* PBXContainerItemProxy */ = {
			isa = PBXContainerItemProxy;
			containerPortal = AE89D4B82A2CCB3300889B3E /* Project object */;
			proxyType = 1;
			remoteGlobalIDString = AE89D4BF2A2CCB3300889B3E;
			remoteInfo = openred;
		};
		AE89D4DB2A2CCB3600889B3E /* PBXContainerItemProxy */ = {
			isa = PBXContainerItemProxy;
			containerPortal = AE89D4B82A2CCB3300889B3E /* Project object */;
			proxyType = 1;
			remoteGlobalIDString = AE89D4BF2A2CCB3300889B3E;
			remoteInfo = openred;
		};
/* End PBXContainerItemProxy section */

/* Begin PBXFileReference section */
		08EC055C6F51377EF0A3CBDB /* Pods-openred.debug.xcconfig */ = {isa = PBXFileReference; includeInIndex = 1; lastKnownFileType = text.xcconfig; name = "Pods-openred.debug.xcconfig"; path = "Target Support Files/Pods-openred/Pods-openred.debug.xcconfig"; sourceTree = "<group>"; };
		579CACBF4281721F39F837B7 /* Pods-openred.release.xcconfig */ = {isa = PBXFileReference; includeInIndex = 1; lastKnownFileType = text.xcconfig; name = "Pods-openred.release.xcconfig"; path = "Target Support Files/Pods-openred/Pods-openred.release.xcconfig"; sourceTree = "<group>"; };
		7D1A39B277A0211F201F088F /* Pods_openred.framework */ = {isa = PBXFileReference; explicitFileType = wrapper.framework; includeInIndex = 0; path = Pods_openred.framework; sourceTree = BUILT_PRODUCTS_DIR; };
		AE3FF7162A9B56250079A877 /* MessageCreateModel.swift */ = {isa = PBXFileReference; lastKnownFileType = sourcecode.swift; path = MessageCreateModel.swift; sourceTree = "<group>"; };
		AE4A962E2A2F96E400BA96CF /* PostsView.swift */ = {isa = PBXFileReference; lastKnownFileType = sourcecode.swift; path = PostsView.swift; sourceTree = "<group>"; };
		AE4A96302A2F974C00BA96CF /* Post.swift */ = {isa = PBXFileReference; lastKnownFileType = sourcecode.swift; path = Post.swift; sourceTree = "<group>"; };
		AE4A96332A2FBBE300BA96CF /* Model.swift */ = {isa = PBXFileReference; lastKnownFileType = sourcecode.swift; path = Model.swift; sourceTree = "<group>"; };
		AE4A96552A337B4000BA96CF /* CommunitiesSidebar.swift */ = {isa = PBXFileReference; lastKnownFileType = sourcecode.swift; path = CommunitiesSidebar.swift; sourceTree = "<group>"; };
		AE4A96582A33A27100BA96CF /* Community.swift */ = {isa = PBXFileReference; lastKnownFileType = sourcecode.swift; path = Community.swift; sourceTree = "<group>"; };
		AE4A965E2A37829700BA96CF /* MediaPopup.swift */ = {isa = PBXFileReference; lastKnownFileType = sourcecode.swift; path = MediaPopup.swift; sourceTree = "<group>"; };
		AE4A96602A37832800BA96CF /* PostRow.swift */ = {isa = PBXFileReference; lastKnownFileType = sourcecode.swift; path = PostRow.swift; sourceTree = "<group>"; };
		AE4A96692A387ECB00BA96CF /* LoginPopup.swift */ = {isa = PBXFileReference; lastKnownFileType = sourcecode.swift; path = LoginPopup.swift; sourceTree = "<group>"; };
		AE4A966B2A38F1B400BA96CF /* InboxView.swift */ = {isa = PBXFileReference; lastKnownFileType = sourcecode.swift; path = InboxView.swift; sourceTree = "<group>"; };
		AE4A96702A39ED3200BA96CF /* GifView.swift */ = {isa = PBXFileReference; lastKnownFileType = sourcecode.swift; path = GifView.swift; sourceTree = "<group>"; };
		AE4A96722A3B4B8200BA96CF /* GalleryItem.swift */ = {isa = PBXFileReference; lastKnownFileType = sourcecode.swift; path = GalleryItem.swift; sourceTree = "<group>"; };
		AE4A96742A3B5DA500BA96CF /* PopupViewModel.swift */ = {isa = PBXFileReference; lastKnownFileType = sourcecode.swift; path = PopupViewModel.swift; sourceTree = "<group>"; };
		AE4A96762A3D112700BA96CF /* RedditParser.swift */ = {isa = PBXFileReference; lastKnownFileType = sourcecode.swift; path = RedditParser.swift; sourceTree = "<group>"; };
		AE4A96792A3F4AC900BA96CF /* CommentsView.swift */ = {isa = PBXFileReference; lastKnownFileType = sourcecode.swift; path = CommentsView.swift; sourceTree = "<group>"; };
		AE4A967B2A3F5F7100BA96CF /* Comments.swift */ = {isa = PBXFileReference; lastKnownFileType = sourcecode.swift; path = Comments.swift; sourceTree = "<group>"; };
		AE4A96802A418B3900BA96CF /* UserSession.swift */ = {isa = PBXFileReference; lastKnownFileType = sourcecode.swift; path = UserSession.swift; sourceTree = "<group>"; };
		AE4A96822A422BBE00BA96CF /* JSONDataLoader.swift */ = {isa = PBXFileReference; lastKnownFileType = sourcecode.swift; path = JSONDataLoader.swift; sourceTree = "<group>"; };
		AE4A96842A43424D00BA96CF /* PostContent.swift */ = {isa = PBXFileReference; lastKnownFileType = sourcecode.swift; path = PostContent.swift; sourceTree = "<group>"; };
		AE4A96862A4450A200BA96CF /* JSONPostParser.swift */ = {isa = PBXFileReference; lastKnownFileType = sourcecode.swift; path = JSONPostParser.swift; sourceTree = "<group>"; };
		AE4A96882A48DEBD00BA96CF /* Search.swift */ = {isa = PBXFileReference; lastKnownFileType = sourcecode.swift; path = Search.swift; sourceTree = "<group>"; };
		AE4A968A2A49A02600BA96CF /* JSONDataCommentParser.swift */ = {isa = PBXFileReference; lastKnownFileType = sourcecode.swift; path = JSONDataCommentParser.swift; sourceTree = "<group>"; };
		AE4A968C2A5DF5CD00BA96CF /* PostCreateModel.swift */ = {isa = PBXFileReference; lastKnownFileType = sourcecode.swift; path = PostCreateModel.swift; sourceTree = "<group>"; };
		AE4A96922A604D2000BA96CF /* JSONMessageParser.swift */ = {isa = PBXFileReference; lastKnownFileType = sourcecode.swift; path = JSONMessageParser.swift; sourceTree = "<group>"; };
		AE4A96942A60620300BA96CF /* MessageModel.swift */ = {isa = PBXFileReference; lastKnownFileType = sourcecode.swift; path = MessageModel.swift; sourceTree = "<group>"; };
		AE89D4C02A2CCB3300889B3E /* OpenRed.app */ = {isa = PBXFileReference; explicitFileType = wrapper.application; includeInIndex = 0; path = OpenRed.app; sourceTree = BUILT_PRODUCTS_DIR; };
		AE89D4C32A2CCB3300889B3E /* openredApp.swift */ = {isa = PBXFileReference; lastKnownFileType = sourcecode.swift; path = openredApp.swift; sourceTree = "<group>"; };
		AE89D4C52A2CCB3300889B3E /* ContentView.swift */ = {isa = PBXFileReference; lastKnownFileType = sourcecode.swift; path = ContentView.swift; sourceTree = "<group>"; };
		AE89D4C72A2CCB3600889B3E /* Assets.xcassets */ = {isa = PBXFileReference; lastKnownFileType = folder.assetcatalog; path = Assets.xcassets; sourceTree = "<group>"; };
		AE89D4CA2A2CCB3600889B3E /* Preview Assets.xcassets */ = {isa = PBXFileReference; lastKnownFileType = folder.assetcatalog; path = "Preview Assets.xcassets"; sourceTree = "<group>"; };
		AE89D4D02A2CCB3600889B3E /* openredTests.xctest */ = {isa = PBXFileReference; explicitFileType = wrapper.cfbundle; includeInIndex = 0; path = openredTests.xctest; sourceTree = BUILT_PRODUCTS_DIR; };
		AE89D4D42A2CCB3600889B3E /* openredTests.swift */ = {isa = PBXFileReference; lastKnownFileType = sourcecode.swift; path = openredTests.swift; sourceTree = "<group>"; };
		AE89D4DA2A2CCB3600889B3E /* openredUITests.xctest */ = {isa = PBXFileReference; explicitFileType = wrapper.cfbundle; includeInIndex = 0; path = openredUITests.xctest; sourceTree = BUILT_PRODUCTS_DIR; };
		AE89D4DE2A2CCB3600889B3E /* openredUITests.swift */ = {isa = PBXFileReference; lastKnownFileType = sourcecode.swift; path = openredUITests.swift; sourceTree = "<group>"; };
		AE89D4E02A2CCB3600889B3E /* openredUITestsLaunchTests.swift */ = {isa = PBXFileReference; lastKnownFileType = sourcecode.swift; path = openredUITestsLaunchTests.swift; sourceTree = "<group>"; };
		AEB87A582A90B45C00BB9051 /* subscription.storekit */ = {isa = PBXFileReference; lastKnownFileType = text; path = subscription.storekit; sourceTree = "<group>"; };
		AEB87A5A2A990D1700BB9051 /* LaunchScreen.storyboard */ = {isa = PBXFileReference; lastKnownFileType = file.storyboard; path = LaunchScreen.storyboard; sourceTree = "<group>"; };
		AEBA65AF2A791BE900431529 /* JSONAboutParser.swift */ = {isa = PBXFileReference; lastKnownFileType = sourcecode.swift; path = JSONAboutParser.swift; sourceTree = "<group>"; };
		AEBA65B12A881F8B00431529 /* SearchModel.swift */ = {isa = PBXFileReference; lastKnownFileType = sourcecode.swift; path = SearchModel.swift; sourceTree = "<group>"; };
		AEBA65B32A8A1AD000431529 /* SettingsView.swift */ = {isa = PBXFileReference; lastKnownFileType = sourcecode.swift; path = SettingsView.swift; sourceTree = "<group>"; };
		AEBA65B52A8A236B00431529 /* SettingsModel.swift */ = {isa = PBXFileReference; lastKnownFileType = sourcecode.swift; path = SettingsModel.swift; sourceTree = "<group>"; };
		AEC4BB6A2A8B865B005149B3 /* Info.plist */ = {isa = PBXFileReference; lastKnownFileType = text.plist; path = Info.plist; sourceTree = "<group>"; };
		AEC4BB6B2A8CD382005149B3 /* StoreKit.framework */ = {isa = PBXFileReference; lastKnownFileType = wrapper.framework; name = StoreKit.framework; path = System/Library/Frameworks/StoreKit.framework; sourceTree = SDKROOT; };
		AEC4BB702A8E8031005149B3 /* Ads.swift */ = {isa = PBXFileReference; lastKnownFileType = sourcecode.swift; path = Ads.swift; sourceTree = "<group>"; };
		AED069E32AABD61B00B5D9A8 /* NativeAdView.xib */ = {isa = PBXFileReference; fileEncoding = 4; lastKnownFileType = file.xib; path = NativeAdView.xib; sourceTree = "<group>"; };
/* End PBXFileReference section */

/* Begin PBXFrameworksBuildPhase section */
		AE89D4BD2A2CCB3300889B3E /* Frameworks */ = {
			isa = PBXFrameworksBuildPhase;
			buildActionMask = 2147483647;
			files = (
				5D287CB7879D0BE7B9C2EAC0 /* Pods_openred.framework in Frameworks */,
				AE4A966F2A39DEF400BA96CF /* SwiftUIGIF in Frameworks */,
				AEC4BB6C2A8CD382005149B3 /* StoreKit.framework in Frameworks */,
				AE4A96662A37BDE100BA96CF /* VideoPlayer in Frameworks */,
				AE4A967F2A405D1600BA96CF /* RichText in Frameworks */,
			);
			runOnlyForDeploymentPostprocessing = 0;
		};
		AE89D4CD2A2CCB3600889B3E /* Frameworks */ = {
			isa = PBXFrameworksBuildPhase;
			buildActionMask = 2147483647;
			files = (
			);
			runOnlyForDeploymentPostprocessing = 0;
		};
		AE89D4D72A2CCB3600889B3E /* Frameworks */ = {
			isa = PBXFrameworksBuildPhase;
			buildActionMask = 2147483647;
			files = (
			);
			runOnlyForDeploymentPostprocessing = 0;
		};
/* End PBXFrameworksBuildPhase section */

/* Begin PBXGroup section */
		04A98D6259E2AAD57AEE14EF /* Frameworks */ = {
			isa = PBXGroup;
			children = (
				AEC4BB6B2A8CD382005149B3 /* StoreKit.framework */,
				7D1A39B277A0211F201F088F /* Pods_openred.framework */,
			);
			name = Frameworks;
			sourceTree = "<group>";
		};
		71814EE1CCFDDDDFE65E38B0 /* Pods */ = {
			isa = PBXGroup;
			children = (
				08EC055C6F51377EF0A3CBDB /* Pods-openred.debug.xcconfig */,
				579CACBF4281721F39F837B7 /* Pods-openred.release.xcconfig */,
			);
			path = Pods;
			sourceTree = "<group>";
		};
		AE4A962D2A2F96A100BA96CF /* Posts */ = {
			isa = PBXGroup;
			children = (
				AE4A962E2A2F96E400BA96CF /* PostsView.swift */,
				AE4A96302A2F974C00BA96CF /* Post.swift */,
				AE4A965E2A37829700BA96CF /* MediaPopup.swift */,
				AE4A96602A37832800BA96CF /* PostRow.swift */,
				AE4A96722A3B4B8200BA96CF /* GalleryItem.swift */,
				AE4A96842A43424D00BA96CF /* PostContent.swift */,
				AE4A968C2A5DF5CD00BA96CF /* PostCreateModel.swift */,
			);
			path = Posts;
			sourceTree = "<group>";
		};
		AE4A96322A2FBBD000BA96CF /* Model */ = {
			isa = PBXGroup;
			children = (
				AE3FF7162A9B56250079A877 /* MessageCreateModel.swift */,
				AE4A96332A2FBBE300BA96CF /* Model.swift */,
				AE4A96742A3B5DA500BA96CF /* PopupViewModel.swift */,
				AE4A96762A3D112700BA96CF /* RedditParser.swift */,
				AE4A96822A422BBE00BA96CF /* JSONDataLoader.swift */,
				AE4A96862A4450A200BA96CF /* JSONPostParser.swift */,
				AE4A968A2A49A02600BA96CF /* JSONDataCommentParser.swift */,
				AE4A96922A604D2000BA96CF /* JSONMessageParser.swift */,
				AE4A96942A60620300BA96CF /* MessageModel.swift */,
				AEBA65AF2A791BE900431529 /* JSONAboutParser.swift */,
				AEBA65B12A881F8B00431529 /* SearchModel.swift */,
				AEBA65B52A8A236B00431529 /* SettingsModel.swift */,
			);
			path = Model;
			sourceTree = "<group>";
		};
		AE4A96572A33A25500BA96CF /* Communities */ = {
			isa = PBXGroup;
			children = (
				AE4A96582A33A27100BA96CF /* Community.swift */,
			);
			path = Communities;
			sourceTree = "<group>";
		};
		AE4A96782A3F4AA100BA96CF /* Comments */ = {
			isa = PBXGroup;
			children = (
				AE4A96792A3F4AC900BA96CF /* CommentsView.swift */,
				AE4A967B2A3F5F7100BA96CF /* Comments.swift */,
			);
			path = Comments;
			sourceTree = "<group>";
		};
		AE89D4B72A2CCB3300889B3E = {
			isa = PBXGroup;
			children = (
				AE89D4C22A2CCB3300889B3E /* openred */,
				AE89D4D32A2CCB3600889B3E /* openredTests */,
				AE89D4DD2A2CCB3600889B3E /* openredUITests */,
				AE89D4C12A2CCB3300889B3E /* Products */,
				71814EE1CCFDDDDFE65E38B0 /* Pods */,
				04A98D6259E2AAD57AEE14EF /* Frameworks */,
			);
			sourceTree = "<group>";
		};
		AE89D4C12A2CCB3300889B3E /* Products */ = {
			isa = PBXGroup;
			children = (
				AE89D4C02A2CCB3300889B3E /* OpenRed.app */,
				AE89D4D02A2CCB3600889B3E /* openredTests.xctest */,
				AE89D4DA2A2CCB3600889B3E /* openredUITests.xctest */,
			);
			name = Products;
			sourceTree = "<group>";
		};
		AE89D4C22A2CCB3300889B3E /* openred */ = {
			isa = PBXGroup;
			children = (
				AED069E32AABD61B00B5D9A8 /* NativeAdView.xib */,
				AEC4BB6A2A8B865B005149B3 /* Info.plist */,
				AE4A96782A3F4AA100BA96CF /* Comments */,
				AE4A96572A33A25500BA96CF /* Communities */,
				AE4A962D2A2F96A100BA96CF /* Posts */,
				AE89D4C32A2CCB3300889B3E /* openredApp.swift */,
				AE4A96322A2FBBD000BA96CF /* Model */,
				AE89D4C52A2CCB3300889B3E /* ContentView.swift */,
				AE4A96802A418B3900BA96CF /* UserSession.swift */,
				AE89D4C72A2CCB3600889B3E /* Assets.xcassets */,
				AEB87A5A2A990D1700BB9051 /* LaunchScreen.storyboard */,
				AE89D4C92A2CCB3600889B3E /* Preview Content */,
				AE4A96552A337B4000BA96CF /* CommunitiesSidebar.swift */,
				AE4A96692A387ECB00BA96CF /* LoginPopup.swift */,
				AE4A966B2A38F1B400BA96CF /* InboxView.swift */,
				AE4A96702A39ED3200BA96CF /* GifView.swift */,
				AE4A96882A48DEBD00BA96CF /* Search.swift */,
				AEBA65B32A8A1AD000431529 /* SettingsView.swift */,
				AEC4BB702A8E8031005149B3 /* Ads.swift */,
				AEB87A582A90B45C00BB9051 /* subscription.storekit */,
			);
			path = openred;
			sourceTree = "<group>";
		};
		AE89D4C92A2CCB3600889B3E /* Preview Content */ = {
			isa = PBXGroup;
			children = (
				AE89D4CA2A2CCB3600889B3E /* Preview Assets.xcassets */,
			);
			path = "Preview Content";
			sourceTree = "<group>";
		};
		AE89D4D32A2CCB3600889B3E /* openredTests */ = {
			isa = PBXGroup;
			children = (
				AE89D4D42A2CCB3600889B3E /* openredTests.swift */,
			);
			path = openredTests;
			sourceTree = "<group>";
		};
		AE89D4DD2A2CCB3600889B3E /* openredUITests */ = {
			isa = PBXGroup;
			children = (
				AE89D4DE2A2CCB3600889B3E /* openredUITests.swift */,
				AE89D4E02A2CCB3600889B3E /* openredUITestsLaunchTests.swift */,
			);
			path = openredUITests;
			sourceTree = "<group>";
		};
/* End PBXGroup section */

/* Begin PBXNativeTarget section */
		AE89D4BF2A2CCB3300889B3E /* openred */ = {
			isa = PBXNativeTarget;
			buildConfigurationList = AE89D4E42A2CCB3600889B3E /* Build configuration list for PBXNativeTarget "openred" */;
			buildPhases = (
				253B152EEDA779A672D14DEB /* [CP] Check Pods Manifest.lock */,
				AE89D4BC2A2CCB3300889B3E /* Sources */,
				AE89D4BD2A2CCB3300889B3E /* Frameworks */,
				AE89D4BE2A2CCB3300889B3E /* Resources */,
				E744B7EE3C9FF66B48678B95 /* [CP] Embed Pods Frameworks */,
				4FF32CCA6A29A738622CED0A /* Upload Bugsnag dSYM */,
			);
			buildRules = (
			);
			dependencies = (
			);
			name = openred;
			packageProductDependencies = (
				AE4A96652A37BDE100BA96CF /* VideoPlayer */,
				AE4A966E2A39DEF400BA96CF /* SwiftUIGIF */,
				AE4A967E2A405D1600BA96CF /* RichText */,
			);
			productName = openred;
			productReference = AE89D4C02A2CCB3300889B3E /* OpenRed.app */;
			productType = "com.apple.product-type.application";
		};
		AE89D4CF2A2CCB3600889B3E /* openredTests */ = {
			isa = PBXNativeTarget;
			buildConfigurationList = AE89D4E72A2CCB3600889B3E /* Build configuration list for PBXNativeTarget "openredTests" */;
			buildPhases = (
				AE89D4CC2A2CCB3600889B3E /* Sources */,
				AE89D4CD2A2CCB3600889B3E /* Frameworks */,
				AE89D4CE2A2CCB3600889B3E /* Resources */,
			);
			buildRules = (
			);
			dependencies = (
				AE89D4D22A2CCB3600889B3E /* PBXTargetDependency */,
			);
			name = openredTests;
			productName = openredTests;
			productReference = AE89D4D02A2CCB3600889B3E /* openredTests.xctest */;
			productType = "com.apple.product-type.bundle.unit-test";
		};
		AE89D4D92A2CCB3600889B3E /* openredUITests */ = {
			isa = PBXNativeTarget;
			buildConfigurationList = AE89D4EA2A2CCB3600889B3E /* Build configuration list for PBXNativeTarget "openredUITests" */;
			buildPhases = (
				AE89D4D62A2CCB3600889B3E /* Sources */,
				AE89D4D72A2CCB3600889B3E /* Frameworks */,
				AE89D4D82A2CCB3600889B3E /* Resources */,
			);
			buildRules = (
			);
			dependencies = (
				AE89D4DC2A2CCB3600889B3E /* PBXTargetDependency */,
			);
			name = openredUITests;
			productName = openredUITests;
			productReference = AE89D4DA2A2CCB3600889B3E /* openredUITests.xctest */;
			productType = "com.apple.product-type.bundle.ui-testing";
		};
/* End PBXNativeTarget section */

/* Begin PBXProject section */
		AE89D4B82A2CCB3300889B3E /* Project object */ = {
			isa = PBXProject;
			attributes = {
				BuildIndependentTargetsInParallel = 1;
				LastSwiftUpdateCheck = 1430;
				LastUpgradeCheck = 1430;
				TargetAttributes = {
					AE89D4BF2A2CCB3300889B3E = {
						CreatedOnToolsVersion = 14.3.1;
					};
					AE89D4CF2A2CCB3600889B3E = {
						CreatedOnToolsVersion = 14.3.1;
						TestTargetID = AE89D4BF2A2CCB3300889B3E;
					};
					AE89D4D92A2CCB3600889B3E = {
						CreatedOnToolsVersion = 14.3.1;
						TestTargetID = AE89D4BF2A2CCB3300889B3E;
					};
				};
			};
			buildConfigurationList = AE89D4BB2A2CCB3300889B3E /* Build configuration list for PBXProject "openred" */;
			compatibilityVersion = "Xcode 14.0";
			developmentRegion = en;
			hasScannedForEncodings = 0;
			knownRegions = (
				en,
				Base,
			);
			mainGroup = AE89D4B72A2CCB3300889B3E;
			packageReferences = (
				AE4A96642A37BDE100BA96CF /* XCRemoteSwiftPackageReference "VideoPlayer" */,
				AE4A966D2A39DEF400BA96CF /* XCRemoteSwiftPackageReference "swiftui-gif" */,
				AE4A967D2A405D1600BA96CF /* XCRemoteSwiftPackageReference "RichText" */,
			);
			productRefGroup = AE89D4C12A2CCB3300889B3E /* Products */;
			projectDirPath = "";
			projectRoot = "";
			targets = (
				AE89D4BF2A2CCB3300889B3E /* openred */,
				AE89D4CF2A2CCB3600889B3E /* openredTests */,
				AE89D4D92A2CCB3600889B3E /* openredUITests */,
			);
		};
/* End PBXProject section */

/* Begin PBXResourcesBuildPhase section */
		AE89D4BE2A2CCB3300889B3E /* Resources */ = {
			isa = PBXResourcesBuildPhase;
			buildActionMask = 2147483647;
			files = (
				AE89D4CB2A2CCB3600889B3E /* Preview Assets.xcassets in Resources */,
				AEB87A5B2A990D1700BB9051 /* LaunchScreen.storyboard in Resources */,
				AED069E42AABD61B00B5D9A8 /* NativeAdView.xib in Resources */,
				AED069DC2AA22A9400B5D9A8 /* subscription.storekit in Resources */,
				AE89D4C82A2CCB3600889B3E /* Assets.xcassets in Resources */,
			);
			runOnlyForDeploymentPostprocessing = 0;
		};
		AE89D4CE2A2CCB3600889B3E /* Resources */ = {
			isa = PBXResourcesBuildPhase;
			buildActionMask = 2147483647;
			files = (
			);
			runOnlyForDeploymentPostprocessing = 0;
		};
		AE89D4D82A2CCB3600889B3E /* Resources */ = {
			isa = PBXResourcesBuildPhase;
			buildActionMask = 2147483647;
			files = (
			);
			runOnlyForDeploymentPostprocessing = 0;
		};
/* End PBXResourcesBuildPhase section */

/* Begin PBXShellScriptBuildPhase section */
		253B152EEDA779A672D14DEB /* [CP] Check Pods Manifest.lock */ = {
			isa = PBXShellScriptBuildPhase;
			buildActionMask = 2147483647;
			files = (
			);
			inputFileListPaths = (
			);
			inputPaths = (
				"${PODS_PODFILE_DIR_PATH}/Podfile.lock",
				"${PODS_ROOT}/Manifest.lock",
			);
			name = "[CP] Check Pods Manifest.lock";
			outputFileListPaths = (
			);
			outputPaths = (
				"$(DERIVED_FILE_DIR)/Pods-openred-checkManifestLockResult.txt",
			);
			runOnlyForDeploymentPostprocessing = 0;
			shellPath = /bin/sh;
			shellScript = "diff \"${PODS_PODFILE_DIR_PATH}/Podfile.lock\" \"${PODS_ROOT}/Manifest.lock\" > /dev/null\nif [ $? != 0 ] ; then\n    # print error to STDERR\n    echo \"error: The sandbox is not in sync with the Podfile.lock. Run 'pod install' or update your CocoaPods installation.\" >&2\n    exit 1\nfi\n# This output is used by Xcode 'outputs' to avoid re-running this script phase.\necho \"SUCCESS\" > \"${SCRIPT_OUTPUT_FILE_0}\"\n";
			showEnvVarsInLog = 0;
		};
		4FF32CCA6A29A738622CED0A /* Upload Bugsnag dSYM */ = {
			isa = PBXShellScriptBuildPhase;
			buildActionMask = 2147483647;
			files = (
			);
			inputFileListPaths = (
			);
			inputPaths = (
				"${BUILT_PRODUCTS_DIR}/${INFOPLIST_PATH}",
				"${DWARF_DSYM_FOLDER_PATH}/${DWARF_DSYM_FILE_NAME}/Contents/Resources/DWARF/${TARGET_NAME}",
				"${BUILT_PRODUCTS_DIR}/ApphudSDK/ApphudSDK.framework.dSYM/Contents/Resources/DWARF/ApphudSDK",
				"${BUILT_PRODUCTS_DIR}/Bugsnag/Bugsnag.framework.dSYM/Contents/Resources/DWARF/Bugsnag",
				"${BUILT_PRODUCTS_DIR}/Erik/Erik.framework.dSYM/Contents/Resources/DWARF/Erik",
				"${BUILT_PRODUCTS_DIR}/FLAnimatedImage/FLAnimatedImage.framework.dSYM/Contents/Resources/DWARF/FLAnimatedImage",
				"${BUILT_PRODUCTS_DIR}/GoogleUtilities/GoogleUtilities.framework.dSYM/Contents/Resources/DWARF/GoogleUtilities",
				"${BUILT_PRODUCTS_DIR}/Kanna/Kanna.framework.dSYM/Contents/Resources/DWARF/Kanna",
				"${BUILT_PRODUCTS_DIR}/PromisesObjC/FBLPromises.framework.dSYM/Contents/Resources/DWARF/FBLPromises",
				"${BUILT_PRODUCTS_DIR}/nanopb/nanopb.framework.dSYM/Contents/Resources/DWARF/nanopb",
			);
			name = "Upload Bugsnag dSYM";
			outputFileListPaths = (
			);
			outputPaths = (
			);
			runOnlyForDeploymentPostprocessing = 0;
			shellPath = "/usr/bin/env ruby";
			shellScript = "# Set DISABLE_COCOAPODS_BUGSNAG=YES via Xcode's Build Settings, xcconfig or xcodebuild to skip upload\nif ENV['DISABLE_COCOAPODS_BUGSNAG'] == 'YES'\n  puts 'Skipping dSYM upload'\n  return\nend\n\n# Attempt to get the API key from an environment variable (or Xcode build setting)\napi_key = ENV[\"BUGSNAG_API_KEY\"]\n\n# If not present, attempt to lookup the value from the Info.plist\nunless api_key\n  info_plist_path = \"#{ENV[\"BUILT_PRODUCTS_DIR\"]}/#{ENV[\"INFOPLIST_PATH\"]}\"\n  plist_buddy_response = `/usr/libexec/PlistBuddy -c \"print :bugsnag:apiKey\" \"#{info_plist_path}\"`\n  plist_buddy_response = `/usr/libexec/PlistBuddy -c \"print :BugsnagAPIKey\" \"#{info_plist_path}\"` if !$?.success?\n  api_key = plist_buddy_response if $?.success?\nend\n\nfail(\"No Bugsnag API key detected - add your key to your Info.plist or BUGSNAG_API_KEY environment variable\") unless api_key\n\nif ENV['ENABLE_USER_SCRIPT_SANDBOXING'] == 'YES'\n  count = ENV['SCRIPT_INPUT_FILE_COUNT'].to_i\n  abort 'error: dSYMs must be specified as build phase \"Input Files\" because ENABLE_USER_SCRIPT_SANDBOXING is enabled' unless count > 0\n  dsyms = []\n  for i in 0 .. count - 1\n    file = ENV[\"SCRIPT_INPUT_FILE_#{i}\"]\n    next if file.end_with? '.plist'\n    if File.exist? file\n      dsyms.append file\n    else\n      abort \"error: cannot read #{file}\" unless ENV['DEBUG_INFORMATION_FORMAT'] != 'dwarf-with-dsym'\n    end\n  end\nelse\n  dsyms = Dir[\"#{ENV['DWARF_DSYM_FOLDER_PATH']}/*/Contents/Resources/DWARF/*\"]\nend\n\ndsyms.each do |dsym|\n  Process.detach Process.spawn('/usr/bin/curl', '--http1.1',\n    '-F', \"apiKey=#{api_key}\",\n    '-F', \"dsym=@#{dsym}\",\n    '-F', \"projectRoot=#{ENV['PROJECT_DIR']}\",\n    'https://upload.bugsnag.com/',\n    %i[err out] => :close\n  )\nend\n";
			showEnvVarsInLog = 0;
		};
		E744B7EE3C9FF66B48678B95 /* [CP] Embed Pods Frameworks */ = {
			isa = PBXShellScriptBuildPhase;
			buildActionMask = 2147483647;
			files = (
			);
			inputFileListPaths = (
				"${PODS_ROOT}/Target Support Files/Pods-openred/Pods-openred-frameworks-${CONFIGURATION}-input-files.xcfilelist",
			);
			name = "[CP] Embed Pods Frameworks";
			outputFileListPaths = (
				"${PODS_ROOT}/Target Support Files/Pods-openred/Pods-openred-frameworks-${CONFIGURATION}-output-files.xcfilelist",
			);
			runOnlyForDeploymentPostprocessing = 0;
			shellPath = /bin/sh;
			shellScript = "\"${PODS_ROOT}/Target Support Files/Pods-openred/Pods-openred-frameworks.sh\"\n";
			showEnvVarsInLog = 0;
		};
/* End PBXShellScriptBuildPhase section */

/* Begin PBXSourcesBuildPhase section */
		AE89D4BC2A2CCB3300889B3E /* Sources */ = {
			isa = PBXSourcesBuildPhase;
			buildActionMask = 2147483647;
			files = (
				AE4A96342A2FBBE300BA96CF /* Model.swift in Sources */,
				AE4A96752A3B5DA500BA96CF /* PopupViewModel.swift in Sources */,
				AE4A96872A4450A200BA96CF /* JSONPostParser.swift in Sources */,
				AE4A96712A39ED3200BA96CF /* GifView.swift in Sources */,
				AE89D4C62A2CCB3300889B3E /* ContentView.swift in Sources */,
				AE4A96612A37832800BA96CF /* PostRow.swift in Sources */,
				AEBA65B62A8A236B00431529 /* SettingsModel.swift in Sources */,
				AE4A96852A43424D00BA96CF /* PostContent.swift in Sources */,
				AE4A96312A2F974C00BA96CF /* Post.swift in Sources */,
				AE4A965F2A37829700BA96CF /* MediaPopup.swift in Sources */,
				AE4A96592A33A27100BA96CF /* Community.swift in Sources */,
				AE4A967C2A3F5F7100BA96CF /* Comments.swift in Sources */,
				AEBA65B22A881F8B00431529 /* SearchModel.swift in Sources */,
				AE4A968D2A5DF5CE00BA96CF /* PostCreateModel.swift in Sources */,
				AE4A96892A48DEBD00BA96CF /* Search.swift in Sources */,
				AE4A96772A3D112700BA96CF /* RedditParser.swift in Sources */,
				AE4A966A2A387ECB00BA96CF /* LoginPopup.swift in Sources */,
				AE4A96562A337B4000BA96CF /* CommunitiesSidebar.swift in Sources */,
				AE89D4C42A2CCB3300889B3E /* openredApp.swift in Sources */,
				AEBA65B42A8A1AD000431529 /* SettingsView.swift in Sources */,
				AE4A966C2A38F1B400BA96CF /* InboxView.swift in Sources */,
				AE4A96832A422BBE00BA96CF /* JSONDataLoader.swift in Sources */,
				AE4A96952A60620300BA96CF /* MessageModel.swift in Sources */,
				AE4A96732A3B4B8200BA96CF /* GalleryItem.swift in Sources */,
				AEC4BB712A8E8031005149B3 /* Ads.swift in Sources */,
				AE4A96812A418B3900BA96CF /* UserSession.swift in Sources */,
				AE4A967A2A3F4AC900BA96CF /* CommentsView.swift in Sources */,
				AE4A968B2A49A02600BA96CF /* JSONDataCommentParser.swift in Sources */,
				AE4A96932A604D2000BA96CF /* JSONMessageParser.swift in Sources */,
				AE3FF7172A9B56250079A877 /* MessageCreateModel.swift in Sources */,
				AEBA65B02A791BE900431529 /* JSONAboutParser.swift in Sources */,
				AE4A962F2A2F96E400BA96CF /* PostsView.swift in Sources */,
			);
			runOnlyForDeploymentPostprocessing = 0;
		};
		AE89D4CC2A2CCB3600889B3E /* Sources */ = {
			isa = PBXSourcesBuildPhase;
			buildActionMask = 2147483647;
			files = (
				AE89D4D52A2CCB3600889B3E /* openredTests.swift in Sources */,
			);
			runOnlyForDeploymentPostprocessing = 0;
		};
		AE89D4D62A2CCB3600889B3E /* Sources */ = {
			isa = PBXSourcesBuildPhase;
			buildActionMask = 2147483647;
			files = (
				AE89D4E12A2CCB3600889B3E /* openredUITestsLaunchTests.swift in Sources */,
				AE89D4DF2A2CCB3600889B3E /* openredUITests.swift in Sources */,
			);
			runOnlyForDeploymentPostprocessing = 0;
		};
/* End PBXSourcesBuildPhase section */

/* Begin PBXTargetDependency section */
		AE89D4D22A2CCB3600889B3E /* PBXTargetDependency */ = {
			isa = PBXTargetDependency;
			target = AE89D4BF2A2CCB3300889B3E /* openred */;
			targetProxy = AE89D4D12A2CCB3600889B3E /* PBXContainerItemProxy */;
		};
		AE89D4DC2A2CCB3600889B3E /* PBXTargetDependency */ = {
			isa = PBXTargetDependency;
			target = AE89D4BF2A2CCB3300889B3E /* openred */;
			targetProxy = AE89D4DB2A2CCB3600889B3E /* PBXContainerItemProxy */;
		};
/* End PBXTargetDependency section */

/* Begin XCBuildConfiguration section */
		AE89D4E22A2CCB3600889B3E /* Debug */ = {
			isa = XCBuildConfiguration;
			buildSettings = {
				ALWAYS_SEARCH_USER_PATHS = NO;
				CLANG_ANALYZER_NONNULL = YES;
				CLANG_ANALYZER_NUMBER_OBJECT_CONVERSION = YES_AGGRESSIVE;
				CLANG_CXX_LANGUAGE_STANDARD = "gnu++20";
				CLANG_ENABLE_MODULES = YES;
				CLANG_ENABLE_OBJC_ARC = YES;
				CLANG_ENABLE_OBJC_WEAK = YES;
				CLANG_WARN_BLOCK_CAPTURE_AUTORELEASING = YES;
				CLANG_WARN_BOOL_CONVERSION = YES;
				CLANG_WARN_COMMA = YES;
				CLANG_WARN_CONSTANT_CONVERSION = YES;
				CLANG_WARN_DEPRECATED_OBJC_IMPLEMENTATIONS = YES;
				CLANG_WARN_DIRECT_OBJC_ISA_USAGE = YES_ERROR;
				CLANG_WARN_DOCUMENTATION_COMMENTS = YES;
				CLANG_WARN_EMPTY_BODY = YES;
				CLANG_WARN_ENUM_CONVERSION = YES;
				CLANG_WARN_INFINITE_RECURSION = YES;
				CLANG_WARN_INT_CONVERSION = YES;
				CLANG_WARN_NON_LITERAL_NULL_CONVERSION = YES;
				CLANG_WARN_OBJC_IMPLICIT_RETAIN_SELF = YES;
				CLANG_WARN_OBJC_LITERAL_CONVERSION = YES;
				CLANG_WARN_OBJC_ROOT_CLASS = YES_ERROR;
				CLANG_WARN_QUOTED_INCLUDE_IN_FRAMEWORK_HEADER = YES;
				CLANG_WARN_RANGE_LOOP_ANALYSIS = YES;
				CLANG_WARN_STRICT_PROTOTYPES = YES;
				CLANG_WARN_SUSPICIOUS_MOVE = YES;
				CLANG_WARN_UNGUARDED_AVAILABILITY = YES_AGGRESSIVE;
				CLANG_WARN_UNREACHABLE_CODE = YES;
				CLANG_WARN__DUPLICATE_METHOD_MATCH = YES;
				COPY_PHASE_STRIP = NO;
				DEBUG_INFORMATION_FORMAT = dwarf;
				ENABLE_STRICT_OBJC_MSGSEND = YES;
				ENABLE_TESTABILITY = YES;
				GCC_C_LANGUAGE_STANDARD = gnu11;
				GCC_DYNAMIC_NO_PIC = NO;
				GCC_NO_COMMON_BLOCKS = YES;
				GCC_OPTIMIZATION_LEVEL = 0;
				GCC_PREPROCESSOR_DEFINITIONS = (
					"DEBUG=1",
					"$(inherited)",
				);
				GCC_WARN_64_TO_32_BIT_CONVERSION = YES;
				GCC_WARN_ABOUT_RETURN_TYPE = YES_ERROR;
				GCC_WARN_UNDECLARED_SELECTOR = YES;
				GCC_WARN_UNINITIALIZED_AUTOS = YES_AGGRESSIVE;
				GCC_WARN_UNUSED_FUNCTION = YES;
				GCC_WARN_UNUSED_VARIABLE = YES;
				IPHONEOS_DEPLOYMENT_TARGET = 15.0;
				MTL_ENABLE_DEBUG_INFO = INCLUDE_SOURCE;
				MTL_FAST_MATH = YES;
				ONLY_ACTIVE_ARCH = YES;
				SDKROOT = iphoneos;
				SWIFT_ACTIVE_COMPILATION_CONDITIONS = DEBUG;
				SWIFT_OPTIMIZATION_LEVEL = "-Onone";
			};
			name = Debug;
		};
		AE89D4E32A2CCB3600889B3E /* Release */ = {
			isa = XCBuildConfiguration;
			buildSettings = {
				ALWAYS_SEARCH_USER_PATHS = NO;
				CLANG_ANALYZER_NONNULL = YES;
				CLANG_ANALYZER_NUMBER_OBJECT_CONVERSION = YES_AGGRESSIVE;
				CLANG_CXX_LANGUAGE_STANDARD = "gnu++20";
				CLANG_ENABLE_MODULES = YES;
				CLANG_ENABLE_OBJC_ARC = YES;
				CLANG_ENABLE_OBJC_WEAK = YES;
				CLANG_WARN_BLOCK_CAPTURE_AUTORELEASING = YES;
				CLANG_WARN_BOOL_CONVERSION = YES;
				CLANG_WARN_COMMA = YES;
				CLANG_WARN_CONSTANT_CONVERSION = YES;
				CLANG_WARN_DEPRECATED_OBJC_IMPLEMENTATIONS = YES;
				CLANG_WARN_DIRECT_OBJC_ISA_USAGE = YES_ERROR;
				CLANG_WARN_DOCUMENTATION_COMMENTS = YES;
				CLANG_WARN_EMPTY_BODY = YES;
				CLANG_WARN_ENUM_CONVERSION = YES;
				CLANG_WARN_INFINITE_RECURSION = YES;
				CLANG_WARN_INT_CONVERSION = YES;
				CLANG_WARN_NON_LITERAL_NULL_CONVERSION = YES;
				CLANG_WARN_OBJC_IMPLICIT_RETAIN_SELF = YES;
				CLANG_WARN_OBJC_LITERAL_CONVERSION = YES;
				CLANG_WARN_OBJC_ROOT_CLASS = YES_ERROR;
				CLANG_WARN_QUOTED_INCLUDE_IN_FRAMEWORK_HEADER = YES;
				CLANG_WARN_RANGE_LOOP_ANALYSIS = YES;
				CLANG_WARN_STRICT_PROTOTYPES = YES;
				CLANG_WARN_SUSPICIOUS_MOVE = YES;
				CLANG_WARN_UNGUARDED_AVAILABILITY = YES_AGGRESSIVE;
				CLANG_WARN_UNREACHABLE_CODE = YES;
				CLANG_WARN__DUPLICATE_METHOD_MATCH = YES;
				COPY_PHASE_STRIP = NO;
				DEBUG_INFORMATION_FORMAT = "dwarf-with-dsym";
				ENABLE_NS_ASSERTIONS = NO;
				ENABLE_STRICT_OBJC_MSGSEND = YES;
				GCC_C_LANGUAGE_STANDARD = gnu11;
				GCC_NO_COMMON_BLOCKS = YES;
				GCC_WARN_64_TO_32_BIT_CONVERSION = YES;
				GCC_WARN_ABOUT_RETURN_TYPE = YES_ERROR;
				GCC_WARN_UNDECLARED_SELECTOR = YES;
				GCC_WARN_UNINITIALIZED_AUTOS = YES_AGGRESSIVE;
				GCC_WARN_UNUSED_FUNCTION = YES;
				GCC_WARN_UNUSED_VARIABLE = YES;
				IPHONEOS_DEPLOYMENT_TARGET = 15.0;
				MTL_ENABLE_DEBUG_INFO = NO;
				MTL_FAST_MATH = YES;
				SDKROOT = iphoneos;
				SWIFT_COMPILATION_MODE = wholemodule;
				SWIFT_OPTIMIZATION_LEVEL = "-O";
				VALIDATE_PRODUCT = YES;
			};
			name = Release;
		};
		AE89D4E52A2CCB3600889B3E /* Debug */ = {
			isa = XCBuildConfiguration;
			baseConfigurationReference = 08EC055C6F51377EF0A3CBDB /* Pods-openred.debug.xcconfig */;
			buildSettings = {
				ASSETCATALOG_COMPILER_APPICON_NAME = AppIcon;
				ASSETCATALOG_COMPILER_GLOBAL_ACCENT_COLOR_NAME = AccentColor;
				ASSETCATALOG_COMPILER_INCLUDE_ALL_APPICON_ASSETS = YES;
				CODE_SIGN_IDENTITY = "Apple Development";
				CODE_SIGN_STYLE = Automatic;
				CURRENT_PROJECT_VERSION = 1;
				DEVELOPMENT_ASSET_PATHS = "\"openred/Preview Content\"";
				DEVELOPMENT_TEAM = KUMFMTRJ3C;
				ENABLE_PREVIEWS = YES;
				GENERATE_INFOPLIST_FILE = YES;
				INFOPLIST_FILE = openred/Info.plist;
				INFOPLIST_KEY_NSFaceIDUsageDescription = "Authenticate with FaceID";
				INFOPLIST_KEY_NSPhotoLibraryAddUsageDescription = "OpenRed needs your permission to save images from the app to your photo library.";
				INFOPLIST_KEY_NSUserTrackingUsageDescription = "OpenRed would like permission to track you across apps and websites. This ensures the app stays free and the you will see ads relevant to your interests.";
				INFOPLIST_KEY_UIApplicationSceneManifest_Generation = YES;
				INFOPLIST_KEY_UIApplicationSupportsIndirectInputEvents = YES;
				INFOPLIST_KEY_UILaunchScreen_Generation = YES;
				INFOPLIST_KEY_UILaunchStoryboardName = LaunchScreen.storyboard;
				INFOPLIST_KEY_UISupportedInterfaceOrientations_iPad = "UIInterfaceOrientationPortrait UIInterfaceOrientationPortraitUpsideDown UIInterfaceOrientationLandscapeLeft UIInterfaceOrientationLandscapeRight";
				INFOPLIST_KEY_UISupportedInterfaceOrientations_iPhone = "UIInterfaceOrientationPortrait UIInterfaceOrientationLandscapeLeft UIInterfaceOrientationLandscapeRight";
				IPHONEOS_DEPLOYMENT_TARGET = 16.0;
				LD_RUNPATH_SEARCH_PATHS = (
					"$(inherited)",
					"@executable_path/Frameworks",
				);
				MARKETING_VERSION = 1.1.3;
				PRODUCT_BUNDLE_IDENTIFIER = com.openredinc.openred;
				PRODUCT_NAME = OpenRed;
				PROVISIONING_PROFILE_SPECIFIER = "";
				SWIFT_EMIT_LOC_STRINGS = YES;
				SWIFT_VERSION = 5.0;
				TARGETED_DEVICE_FAMILY = "1,2";
			};
			name = Debug;
		};
		AE89D4E62A2CCB3600889B3E /* Release */ = {
			isa = XCBuildConfiguration;
			baseConfigurationReference = 579CACBF4281721F39F837B7 /* Pods-openred.release.xcconfig */;
			buildSettings = {
				ASSETCATALOG_COMPILER_APPICON_NAME = AppIcon;
				ASSETCATALOG_COMPILER_GLOBAL_ACCENT_COLOR_NAME = AccentColor;
				ASSETCATALOG_COMPILER_INCLUDE_ALL_APPICON_ASSETS = YES;
				CODE_SIGN_IDENTITY = "Apple Development";
				CODE_SIGN_STYLE = Automatic;
				CURRENT_PROJECT_VERSION = 1;
				DEVELOPMENT_ASSET_PATHS = "\"openred/Preview Content\"";
				DEVELOPMENT_TEAM = KUMFMTRJ3C;
				ENABLE_PREVIEWS = YES;
				GENERATE_INFOPLIST_FILE = YES;
				INFOPLIST_FILE = openred/Info.plist;
				INFOPLIST_KEY_NSFaceIDUsageDescription = "Authenticate with FaceID";
				INFOPLIST_KEY_NSPhotoLibraryAddUsageDescription = "OpenRed needs your permission to save images from the app to your photo library.";
				INFOPLIST_KEY_NSUserTrackingUsageDescription = "OpenRed would like permission to track you across apps and websites. This ensures the app stays free and the you will see ads relevant to your interests.";
				INFOPLIST_KEY_UIApplicationSceneManifest_Generation = YES;
				INFOPLIST_KEY_UIApplicationSupportsIndirectInputEvents = YES;
				INFOPLIST_KEY_UILaunchScreen_Generation = YES;
				INFOPLIST_KEY_UILaunchStoryboardName = LaunchScreen.storyboard;
				INFOPLIST_KEY_UISupportedInterfaceOrientations_iPad = "UIInterfaceOrientationPortrait UIInterfaceOrientationPortraitUpsideDown UIInterfaceOrientationLandscapeLeft UIInterfaceOrientationLandscapeRight";
				INFOPLIST_KEY_UISupportedInterfaceOrientations_iPhone = "UIInterfaceOrientationPortrait UIInterfaceOrientationLandscapeLeft UIInterfaceOrientationLandscapeRight";
				IPHONEOS_DEPLOYMENT_TARGET = 16.0;
				LD_RUNPATH_SEARCH_PATHS = (
					"$(inherited)",
					"@executable_path/Frameworks",
				);
				MARKETING_VERSION = 1.1.3;
				PRODUCT_BUNDLE_IDENTIFIER = com.openredinc.openred;
				PRODUCT_NAME = OpenRed;
				PROVISIONING_PROFILE_SPECIFIER = "";
				SWIFT_EMIT_LOC_STRINGS = YES;
				SWIFT_VERSION = 5.0;
				TARGETED_DEVICE_FAMILY = "1,2";
			};
			name = Release;
		};
		AE89D4E82A2CCB3600889B3E /* Debug */ = {
			isa = XCBuildConfiguration;
			buildSettings = {
				ALWAYS_EMBED_SWIFT_STANDARD_LIBRARIES = YES;
				BUNDLE_LOADER = "$(TEST_HOST)";
				CODE_SIGN_STYLE = Automatic;
				CURRENT_PROJECT_VERSION = 1;
				GENERATE_INFOPLIST_FILE = YES;
				IPHONEOS_DEPLOYMENT_TARGET = 16.4;
				MARKETING_VERSION = 1.0;
				PRODUCT_BUNDLE_IDENTIFIER = com.openredinc.openredTests;
				PRODUCT_NAME = "$(TARGET_NAME)";
				SWIFT_EMIT_LOC_STRINGS = NO;
				SWIFT_VERSION = 5.0;
				TARGETED_DEVICE_FAMILY = "1,2";
				TEST_HOST = "$(BUILT_PRODUCTS_DIR)/openred.app/$(BUNDLE_EXECUTABLE_FOLDER_PATH)/openred";
			};
			name = Debug;
		};
		AE89D4E92A2CCB3600889B3E /* Release */ = {
			isa = XCBuildConfiguration;
			buildSettings = {
				ALWAYS_EMBED_SWIFT_STANDARD_LIBRARIES = YES;
				BUNDLE_LOADER = "$(TEST_HOST)";
				CODE_SIGN_STYLE = Automatic;
				CURRENT_PROJECT_VERSION = 1;
				GENERATE_INFOPLIST_FILE = YES;
				IPHONEOS_DEPLOYMENT_TARGET = 16.4;
				MARKETING_VERSION = 1.0;
				PRODUCT_BUNDLE_IDENTIFIER = com.openredinc.openredTests;
				PRODUCT_NAME = "$(TARGET_NAME)";
				SWIFT_EMIT_LOC_STRINGS = NO;
				SWIFT_VERSION = 5.0;
				TARGETED_DEVICE_FAMILY = "1,2";
				TEST_HOST = "$(BUILT_PRODUCTS_DIR)/openred.app/$(BUNDLE_EXECUTABLE_FOLDER_PATH)/openred";
			};
			name = Release;
		};
		AE89D4EB2A2CCB3600889B3E /* Debug */ = {
			isa = XCBuildConfiguration;
			buildSettings = {
				ALWAYS_EMBED_SWIFT_STANDARD_LIBRARIES = YES;
				CODE_SIGN_STYLE = Automatic;
				CURRENT_PROJECT_VERSION = 1;
				GENERATE_INFOPLIST_FILE = YES;
				MARKETING_VERSION = 1.0;
				PRODUCT_BUNDLE_IDENTIFIER = com.openredinc.openredUITests;
				PRODUCT_NAME = "$(TARGET_NAME)";
				SWIFT_EMIT_LOC_STRINGS = NO;
				SWIFT_VERSION = 5.0;
				TARGETED_DEVICE_FAMILY = "1,2";
				TEST_TARGET_NAME = openred;
			};
			name = Debug;
		};
		AE89D4EC2A2CCB3600889B3E /* Release */ = {
			isa = XCBuildConfiguration;
			buildSettings = {
				ALWAYS_EMBED_SWIFT_STANDARD_LIBRARIES = YES;
				CODE_SIGN_STYLE = Automatic;
				CURRENT_PROJECT_VERSION = 1;
				GENERATE_INFOPLIST_FILE = YES;
				MARKETING_VERSION = 1.0;
				PRODUCT_BUNDLE_IDENTIFIER = com.openredinc.openredUITests;
				PRODUCT_NAME = "$(TARGET_NAME)";
				SWIFT_EMIT_LOC_STRINGS = NO;
				SWIFT_VERSION = 5.0;
				TARGETED_DEVICE_FAMILY = "1,2";
				TEST_TARGET_NAME = openred;
			};
			name = Release;
		};
/* End XCBuildConfiguration section */

/* Begin XCConfigurationList section */
		AE89D4BB2A2CCB3300889B3E /* Build configuration list for PBXProject "openred" */ = {
			isa = XCConfigurationList;
			buildConfigurations = (
				AE89D4E22A2CCB3600889B3E /* Debug */,
				AE89D4E32A2CCB3600889B3E /* Release */,
			);
			defaultConfigurationIsVisible = 0;
			defaultConfigurationName = Release;
		};
		AE89D4E42A2CCB3600889B3E /* Build configuration list for PBXNativeTarget "openred" */ = {
			isa = XCConfigurationList;
			buildConfigurations = (
				AE89D4E52A2CCB3600889B3E /* Debug */,
				AE89D4E62A2CCB3600889B3E /* Release */,
			);
			defaultConfigurationIsVisible = 0;
			defaultConfigurationName = Release;
		};
		AE89D4E72A2CCB3600889B3E /* Build configuration list for PBXNativeTarget "openredTests" */ = {
			isa = XCConfigurationList;
			buildConfigurations = (
				AE89D4E82A2CCB3600889B3E /* Debug */,
				AE89D4E92A2CCB3600889B3E /* Release */,
			);
			defaultConfigurationIsVisible = 0;
			defaultConfigurationName = Release;
		};
		AE89D4EA2A2CCB3600889B3E /* Build configuration list for PBXNativeTarget "openredUITests" */ = {
			isa = XCConfigurationList;
			buildConfigurations = (
				AE89D4EB2A2CCB3600889B3E /* Debug */,
				AE89D4EC2A2CCB3600889B3E /* Release */,
			);
			defaultConfigurationIsVisible = 0;
			defaultConfigurationName = Release;
		};
/* End XCConfigurationList section */

/* Begin XCRemoteSwiftPackageReference section */
		AE4A96642A37BDE100BA96CF /* XCRemoteSwiftPackageReference "VideoPlayer" */ = {
			isa = XCRemoteSwiftPackageReference;
			repositoryURL = "https://github.com/wxxsw/VideoPlayer";
			requirement = {
				kind = upToNextMajorVersion;
				minimumVersion = 1.0.0;
			};
		};
		AE4A966D2A39DEF400BA96CF /* XCRemoteSwiftPackageReference "swiftui-gif" */ = {
			isa = XCRemoteSwiftPackageReference;
			repositoryURL = "https://github.com/globulus/swiftui-gif";
			requirement = {
				kind = upToNextMajorVersion;
				minimumVersion = 1.0.0;
			};
		};
		AE4A967D2A405D1600BA96CF /* XCRemoteSwiftPackageReference "RichText" */ = {
			isa = XCRemoteSwiftPackageReference;
			repositoryURL = "https://github.com/NuPlay/RichText.git";
			requirement = {
				kind = upToNextMajorVersion;
				minimumVersion = 2.0.0;
			};
		};
/* End XCRemoteSwiftPackageReference section */

/* Begin XCSwiftPackageProductDependency section */
		AE4A96652A37BDE100BA96CF /* VideoPlayer */ = {
			isa = XCSwiftPackageProductDependency;
			package = AE4A96642A37BDE100BA96CF /* XCRemoteSwiftPackageReference "VideoPlayer" */;
			productName = VideoPlayer;
		};
		AE4A966E2A39DEF400BA96CF /* SwiftUIGIF */ = {
			isa = XCSwiftPackageProductDependency;
			package = AE4A966D2A39DEF400BA96CF /* XCRemoteSwiftPackageReference "swiftui-gif" */;
			productName = SwiftUIGIF;
		};
		AE4A967E2A405D1600BA96CF /* RichText */ = {
			isa = XCSwiftPackageProductDependency;
			package = AE4A967D2A405D1600BA96CF /* XCRemoteSwiftPackageReference "RichText" */;
			productName = RichText;
		};
/* End XCSwiftPackageProductDependency section */
	};
	rootObject = AE89D4B82A2CCB3300889B3E /* Project object */;
}
