{
  "pins" : [
    {
      "identity" : "gsplayer",
      "kind" : "remoteSourceControl",
      "location" : "https://github.com/wxxsw/GSPlayer.git",
      "state" : {
        "revision" : "aa6dad7943d52f5207f7fcc2ad3e4274583443b8",
        "version" : "0.2.26"
      }
    },
    {
      "identity" : "richtext",
      "kind" : "remoteSourceControl",
      "location" : "https://github.com/NuPlay/RichText.git",
      "state" : {
        "revision" : "6e14ec7130bf82284c83c1b248954a87b72378d6",
        "version" : "2.2.1"
      }
    },
    {
      "identity" : "swiftui-gif",
      "kind" : "remoteSourceControl",
      "location" : "https://github.com/globulus/swiftui-gif",
      "state" : {
        "revision" : "89af6b7e04b0dc0bf97a721d27fc87c4db8e3829",
        "version" : "1.0.1"
      }
    },
    {
      "identity" : "videoplayer",
      "kind" : "remoteSourceControl",
      "location" : "https://github.com/wxxsw/VideoPlayer",
      "state" : {
        "revision" : "3c5b9531ee20e34d3a86142ca2c076a5b99afdb2",
        "version" : "1.2.3"
      }
    }
  ],
  "version" : 2
}
